
Microsoft Visual Studio Solution File, Format Version 12.00
# Visual Studio Version 16
VisualStudioVersion = 16.0.31702.278
MinimumVisualStudioVersion = 10.0.40219.1
Project("{9A19103F-16F7-4668-BE54-9A1E7A4F7556}") = "inteligencia artificial", "inteligencia artificial.csproj", "{102E9666-B56D-499B-9BA5-FF9CAC0BB110}"
EndProject
Global
	GlobalSection(SolutionConfigurationPlatforms) = preSolution
		Debug|Any CPU = Debug|Any CPU
		Release|Any CPU = Release|Any CPU
	EndGlobalSection
	GlobalSection(ProjectConfigurationPlatforms) = postSolution
		{102E9666-B56D-499B-9BA5-FF9CAC0BB110}.Debug|Any CPU.ActiveCfg = Debug|Any CPU
		{102E9666-B56D-499B-9BA5-FF9CAC0BB110}.Debug|Any CPU.Build.0 = Debug|Any CPU
		{102E9666-B56D-499B-9BA5-FF9CAC0BB110}.Release|Any CPU.ActiveCfg = Release|Any CPU
		{102E9666-B56D-499B-9BA5-FF9CAC0BB110}.Release|Any CPU.Build.0 = Release|Any CPU
	EndGlobalSection
	GlobalSection(SolutionProperties) = preSolution
		HideSolutionNode = FALSE
	EndGlobalSection
	GlobalSection(ExtensibilityGlobals) = postSolution
		SolutionGuid = {28EF4448-9A5A-4F23-8990-FF26C25F56DE}
	EndGlobalSection
EndGlobal
